
Microsoft Visual Studio Solution File, Format Version 12.00
# Visual Studio Version 17
VisualStudioVersion = 17.5.33424.131
MinimumVisualStudioVersion = 10.0.40219.1
Project("{9A19103F-16F7-4668-BE54-9A1E7A4F7556}") = "Santi.LoginApp", "Santi.LoginApp\Santi.LoginApp.csproj", "{BE1A6F23-C1B6-468F-9D0A-9B7BE074761C}"
EndProject
Project("{9A19103F-16F7-4668-BE54-9A1E7A4F7556}") = "Santi.LoginApp.Tests", "Santi.LoginApp.Tests\Santi.LoginApp.Tests.csproj", "{58D48012-4548-4025-9756-A12851CFDEA1}"
EndProject
Global
	GlobalSection(SolutionConfigurationPlatforms) = preSolution
		Debug|Any CPU = Debug|Any CPU
		Release|Any CPU = Release|Any CPU
	EndGlobalSection
	GlobalSection(ProjectConfigurationPlatforms) = postSolution
		{BE1A6F23-C1B6-468F-9D0A-9B7BE074761C}.Debug|Any CPU.ActiveCfg = Debug|Any CPU
		{BE1A6F23-C1B6-468F-9D0A-9B7BE074761C}.Debug|Any CPU.Build.0 = Debug|Any CPU
		{BE1A6F23-C1B6-468F-9D0A-9B7BE074761C}.Debug|Any CPU.Deploy.0 = Debug|Any CPU
		{BE1A6F23-C1B6-468F-9D0A-9B7BE074761C}.Release|Any CPU.ActiveCfg = Release|Any CPU
		{BE1A6F23-C1B6-468F-9D0A-9B7BE074761C}.Release|Any CPU.Build.0 = Release|Any CPU
		{BE1A6F23-C1B6-468F-9D0A-9B7BE074761C}.Release|Any CPU.Deploy.0 = Release|Any CPU
		{58D48012-4548-4025-9756-A12851CFDEA1}.Debug|Any CPU.ActiveCfg = Debug|Any CPU
		{58D48012-4548-4025-9756-A12851CFDEA1}.Debug|Any CPU.Build.0 = Debug|Any CPU
		{58D48012-4548-4025-9756-A12851CFDEA1}.Release|Any CPU.ActiveCfg = Release|Any CPU
		{58D48012-4548-4025-9756-A12851CFDEA1}.Release|Any CPU.Build.0 = Release|Any CPU
	EndGlobalSection
	GlobalSection(SolutionProperties) = preSolution
		HideSolutionNode = FALSE
	EndGlobalSection
	GlobalSection(ExtensibilityGlobals) = postSolution
		SolutionGuid = {A59D02BA-8727-46A2-B7DE-28210E8AE080}
	EndGlobalSection
EndGlobal
